
Microsoft Visual Studio Solution File, Format Version 12.00
# Visual Studio Version 17
VisualStudioVersion = 17.10.34928.147
MinimumVisualStudioVersion = 10.0.40219.1
Project("{8BC9CEB8-8B4A-11D0-8D11-00A0C91BC942}") = "GameServer", "GameServer\GameServer.vcxproj", "{41D8182B-E224-4211-B5B7-D2ECB47FB3CE}"
EndProject
Project("{8BC9CEB8-8B4A-11D0-8D11-00A0C91BC942}") = "DummyClient", "DummyClient\DummyClient.vcxproj", "{A1F73353-2C6B-4B04-B0FC-4A4B4A157A27}"
EndProject
Project("{8BC9CEB8-8B4A-11D0-8D11-00A0C91BC942}") = "ServerCore", "ServerCore\ServerCore.vcxproj", "{84A182E4-8D31-4654-878D-F1FB7A5077D5}"
EndProject
Global
	GlobalSection(SolutionConfigurationPlatforms) = preSolution
		Debug|x64 = Debug|x64
		Debug|x86 = Debug|x86
		Release|x64 = Release|x64
		Release|x86 = Release|x86
	EndGlobalSection
	GlobalSection(ProjectConfigurationPlatforms) = postSolution
		{41D8182B-E224-4211-B5B7-D2ECB47FB3CE}.Debug|x64.ActiveCfg = Debug|x64
		{41D8182B-E224-4211-B5B7-D2ECB47FB3CE}.Debug|x64.Build.0 = Debug|x64
		{41D8182B-E224-4211-B5B7-D2ECB47FB3CE}.Debug|x86.ActiveCfg = Debug|Win32
		{41D8182B-E224-4211-B5B7-D2ECB47FB3CE}.Debug|x86.Build.0 = Debug|Win32
		{41D8182B-E224-4211-B5B7-D2ECB47FB3CE}.Release|x64.ActiveCfg = Release|x64
		{41D8182B-E224-4211-B5B7-D2ECB47FB3CE}.Release|x64.Build.0 = Release|x64
		{41D8182B-E224-4211-B5B7-D2ECB47FB3CE}.Release|x86.ActiveCfg = Release|Win32
		{41D8182B-E224-4211-B5B7-D2ECB47FB3CE}.Release|x86.Build.0 = Release|Win32
		{A1F73353-2C6B-4B04-B0FC-4A4B4A157A27}.Debug|x64.ActiveCfg = Debug|x64
		{A1F73353-2C6B-4B04-B0FC-4A4B4A157A27}.Debug|x64.Build.0 = Debug|x64
		{A1F73353-2C6B-4B04-B0FC-4A4B4A157A27}.Debug|x86.ActiveCfg = Debug|Win32
		{A1F73353-2C6B-4B04-B0FC-4A4B4A157A27}.Debug|x86.Build.0 = Debug|Win32
		{A1F73353-2C6B-4B04-B0FC-4A4B4A157A27}.Release|x64.ActiveCfg = Release|x64
		{A1F73353-2C6B-4B04-B0FC-4A4B4A157A27}.Release|x64.Build.0 = Release|x64
		{A1F73353-2C6B-4B04-B0FC-4A4B4A157A27}.Release|x86.ActiveCfg = Release|Win32
		{A1F73353-2C6B-4B04-B0FC-4A4B4A157A27}.Release|x86.Build.0 = Release|Win32
		{84A182E4-8D31-4654-878D-F1FB7A5077D5}.Debug|x64.ActiveCfg = Debug|x64
		{84A182E4-8D31-4654-878D-F1FB7A5077D5}.Debug|x64.Build.0 = Debug|x64
		{84A182E4-8D31-4654-878D-F1FB7A5077D5}.Debug|x86.ActiveCfg = Debug|Win32
		{84A182E4-8D31-4654-878D-F1FB7A5077D5}.Debug|x86.Build.0 = Debug|Win32
		{84A182E4-8D31-4654-878D-F1FB7A5077D5}.Release|x64.ActiveCfg = Release|x64
		{84A182E4-8D31-4654-878D-F1FB7A5077D5}.Release|x64.Build.0 = Release|x64
		{84A182E4-8D31-4654-878D-F1FB7A5077D5}.Release|x86.ActiveCfg = Release|Win32
		{84A182E4-8D31-4654-878D-F1FB7A5077D5}.Release|x86.Build.0 = Release|Win32
	EndGlobalSection
	GlobalSection(SolutionProperties) = preSolution
		HideSolutionNode = FALSE
	EndGlobalSection
	GlobalSection(ExtensibilityGlobals) = postSolution
		SolutionGuid = {E1EC219A-91AF-4D03-B1FF-3BAB18571740}
	EndGlobalSection
EndGlobal
